// !$*UTF8*$!
{
	archiveVersion = 1;
	classes = {
	};
	objectVersion = 77;
	objects = {

/* Begin PBXBuildFile section */
		EF836A8E2E2489D50035A801 /* SeedOrSeedlingView.swift in Sources */ = {isa = PBXBuildFile; fileRef = EF836A8D2E2489D50035A801 /* SeedOrSeedlingView.swift */; };
		EF836A902E248E7D0035A801 /* PreviewContainer.swift in Sources */ = {isa = PBXBuildFile; fileRef = EF836A8F2E248E740035A801 /* PreviewContainer.swift */; };
		EF836A922E24908F0035A801 /* MyGardenVegetable.swift in Sources */ = {isa = PBXBuildFile; fileRef = EF836A912E24908F0035A801 /* MyGardenVegetable.swift */; };
		EF8B78C92E237BBC00616328 /* VegetableListScreen.swift in Sources */ = {isa = PBXBuildFile; fileRef = EF8B78C62E237BBC00616328 /* VegetableListScreen.swift */; };
		EF8B78CA2E237BBC00616328 /* GreenThumbApp.swift in Sources */ = {isa = PBXBuildFile; fileRef = EF8B78C72E237BBC00616328 /* GreenThumbApp.swift */; };
		EF8B78CB2E237BBC00616328 /* Assets.xcassets in Resources */ = {isa = PBXBuildFile; fileRef = EF8B78C52E237BBC00616328 /* Assets.xcassets */; };
		EF8B78CE2E237CF300616328 /* VegetableHTTPClient.swift in Sources */ = {isa = PBXBuildFile; fileRef = EF8B78CD2E237CF300616328 /* VegetableHTTPClient.swift */; };
		EF8B78D12E237E3900616328 /* Vegetable.swift in Sources */ = {isa = PBXBuildFile; fileRef = EF8B78D02E237E3300616328 /* Vegetable.swift */; };
		EF8B78D42E2387FB00616328 /* VegetableCellView.swift in Sources */ = {isa = PBXBuildFile; fileRef = EF8B78D32E2387FB00616328 /* VegetableCellView.swift */; };
		EF8B78D72E23894B00616328 /* vegetables.json in Resources */ = {isa = PBXBuildFile; fileRef = EF8B78D62E23893F00616328 /* vegetables.json */; };
		EF8B78D92E23897500616328 /* PreviewData.swift in Sources */ = {isa = PBXBuildFile; fileRef = EF8B78D82E23897000616328 /* PreviewData.swift */; };
		EF8B78DC2E2390A100616328 /* VegetableTabBarScreen.swift in Sources */ = {isa = PBXBuildFile; fileRef = EF8B78DB2E2390A100616328 /* VegetableTabBarScreen.swift */; };
		EF8B78DE2E23930000616328 /* VegetableDetailScreen.swift in Sources */ = {isa = PBXBuildFile; fileRef = EF8B78DD2E23930000616328 /* VegetableDetailScreen.swift */; };
/* End PBXBuildFile section */

/* Begin PBXFileReference section */
		EF836A8D2E2489D50035A801 /* SeedOrSeedlingView.swift */ = {isa = PBXFileReference; lastKnownFileType = sourcecode.swift; path = SeedOrSeedlingView.swift; sourceTree = "<group>"; };
		EF836A8F2E248E740035A801 /* PreviewContainer.swift */ = {isa = PBXFileReference; lastKnownFileType = sourcecode.swift; path = PreviewContainer.swift; sourceTree = "<group>"; };
		EF836A912E24908F0035A801 /* MyGardenVegetable.swift */ = {isa = PBXFileReference; lastKnownFileType = sourcecode.swift; path = MyGardenVegetable.swift; sourceTree = "<group>"; };
		EF8B78B72E237BA500616328 /* GreenThumb.app */ = {isa = PBXFileReference; explicitFileType = wrapper.application; includeInIndex = 0; path = GreenThumb.app; sourceTree = BUILT_PRODUCTS_DIR; };
		EF8B78C52E237BBC00616328 /* Assets.xcassets */ = {isa = PBXFileReference; lastKnownFileType = folder.assetcatalog; path = Assets.xcassets; sourceTree = "<group>"; };
		EF8B78C62E237BBC00616328 /* VegetableListScreen.swift */ = {isa = PBXFileReference; lastKnownFileType = sourcecode.swift; path = VegetableListScreen.swift; sourceTree = "<group>"; };
		EF8B78C72E237BBC00616328 /* GreenThumbApp.swift */ = {isa = PBXFileReference; lastKnownFileType = sourcecode.swift; path = GreenThumbApp.swift; sourceTree = "<group>"; };
		EF8B78CD2E237CF300616328 /* VegetableHTTPClient.swift */ = {isa = PBXFileReference; lastKnownFileType = sourcecode.swift; path = VegetableHTTPClient.swift; sourceTree = "<group>"; };
		EF8B78D02E237E3300616328 /* Vegetable.swift */ = {isa = PBXFileReference; lastKnownFileType = sourcecode.swift; path = Vegetable.swift; sourceTree = "<group>"; };
		EF8B78D32E2387FB00616328 /* VegetableCellView.swift */ = {isa = PBXFileReference; lastKnownFileType = sourcecode.swift; path = VegetableCellView.swift; sourceTree = "<group>"; };
		EF8B78D62E23893F00616328 /* vegetables.json */ = {isa = PBXFileReference; lastKnownFileType = text.json; path = vegetables.json; sourceTree = "<group>"; };
		EF8B78D82E23897000616328 /* PreviewData.swift */ = {isa = PBXFileReference; lastKnownFileType = sourcecode.swift; path = PreviewData.swift; sourceTree = "<group>"; };
		EF8B78DB2E2390A100616328 /* VegetableTabBarScreen.swift */ = {isa = PBXFileReference; lastKnownFileType = sourcecode.swift; path = VegetableTabBarScreen.swift; sourceTree = "<group>"; };
		EF8B78DD2E23930000616328 /* VegetableDetailScreen.swift */ = {isa = PBXFileReference; lastKnownFileType = sourcecode.swift; path = VegetableDetailScreen.swift; sourceTree = "<group>"; };
/* End PBXFileReference section */

/* Begin PBXFrameworksBuildPhase section */
		EF8B78B42E237BA500616328 /* Frameworks */ = {
			isa = PBXFrameworksBuildPhase;
			buildActionMask = 2147483647;
			files = (
			);
			runOnlyForDeploymentPostprocessing = 0;
		};
/* End PBXFrameworksBuildPhase section */

/* Begin PBXGroup section */
		EF8B78AE2E237BA500616328 = {
			isa = PBXGroup;
			children = (
				EF8B78C82E237BBC00616328 /* GreenThumb */,
				EF8B78B82E237BA500616328 /* Products */,
			);
			sourceTree = "<group>";
		};
		EF8B78B82E237BA500616328 /* Products */ = {
			isa = PBXGroup;
			children = (
				EF8B78B72E237BA500616328 /* GreenThumb.app */,
			);
			name = Products;
			sourceTree = "<group>";
		};
		EF8B78C82E237BBC00616328 /* GreenThumb */ = {
			isa = PBXGroup;
			children = (
				EF8B78D52E23892E00616328 /* PreviewContent */,
				EF8B78CF2E237E1400616328 /* Models */,
				EF8B78CC2E237CB400616328 /* Clients */,
				EF8B78D22E2387E600616328 /* Views */,
				EF8B78DA2E238E3800616328 /* Screens */,
				EF8B78C72E237BBC00616328 /* GreenThumbApp.swift */,
				EF8B78C52E237BBC00616328 /* Assets.xcassets */,
			);
			path = GreenThumb;
			sourceTree = "<group>";
		};
		EF8B78CC2E237CB400616328 /* Clients */ = {
			isa = PBXGroup;
			children = (
				EF8B78CD2E237CF300616328 /* VegetableHTTPClient.swift */,
			);
			path = Clients;
			sourceTree = "<group>";
		};
		EF8B78CF2E237E1400616328 /* Models */ = {
			isa = PBXGroup;
			children = (
				EF8B78D02E237E3300616328 /* Vegetable.swift */,
				EF836A912E24908F0035A801 /* MyGardenVegetable.swift */,
			);
			path = Models;
			sourceTree = "<group>";
		};
		EF8B78D22E2387E600616328 /* Views */ = {
			isa = PBXGroup;
			children = (
				EF8B78D32E2387FB00616328 /* VegetableCellView.swift */,
				EF836A8D2E2489D50035A801 /* SeedOrSeedlingView.swift */,
			);
			path = Views;
			sourceTree = "<group>";
		};
		EF8B78D52E23892E00616328 /* PreviewContent */ = {
			isa = PBXGroup;
			children = (
				EF836A8F2E248E740035A801 /* PreviewContainer.swift */,
				EF8B78D82E23897000616328 /* PreviewData.swift */,
				EF8B78D62E23893F00616328 /* vegetables.json */,
			);
			path = PreviewContent;
			sourceTree = "<group>";
		};
		EF8B78DA2E238E3800616328 /* Screens */ = {
			isa = PBXGroup;
			children = (
				EF8B78C62E237BBC00616328 /* VegetableListScreen.swift */,
				EF8B78DB2E2390A100616328 /* VegetableTabBarScreen.swift */,
				EF8B78DD2E23930000616328 /* VegetableDetailScreen.swift */,
			);
			path = Screens;
			sourceTree = "<group>";
		};
/* End PBXGroup section */

/* Begin PBXNativeTarget section */
		EF8B78B62E237BA500616328 /* GreenThumb */ = {
			isa = PBXNativeTarget;
			buildConfigurationList = EF8B78C22E237BA700616328 /* Build configuration list for PBXNativeTarget "GreenThumb" */;
			buildPhases = (
				EF8B78B32E237BA500616328 /* Sources */,
				EF8B78B42E237BA500616328 /* Frameworks */,
				EF8B78B52E237BA500616328 /* Resources */,
			);
			buildRules = (
			);
			dependencies = (
			);
			name = GreenThumb;
			packageProductDependencies = (
			);
			productName = GreenThumb;
			productReference = EF8B78B72E237BA500616328 /* GreenThumb.app */;
			productType = "com.apple.product-type.application";
		};
/* End PBXNativeTarget section */

/* Begin PBXProject section */
		EF8B78AF2E237BA500616328 /* Project object */ = {
			isa = PBXProject;
			attributes = {
				BuildIndependentTargetsInParallel = 1;
				LastSwiftUpdateCheck = 1640;
				LastUpgradeCheck = 1640;
				TargetAttributes = {
					EF8B78B62E237BA500616328 = {
						CreatedOnToolsVersion = 16.4;
					};
				};
			};
			buildConfigurationList = EF8B78B22E237BA500616328 /* Build configuration list for PBXProject "GreenThumb" */;
			developmentRegion = en;
			hasScannedForEncodings = 0;
			knownRegions = (
				en,
				Base,
			);
			mainGroup = EF8B78AE2E237BA500616328;
			minimizedProjectReferenceProxies = 1;
			preferredProjectObjectVersion = 77;
			productRefGroup = EF8B78B82E237BA500616328 /* Products */;
			projectDirPath = "";
			projectRoot = "";
			targets = (
				EF8B78B62E237BA500616328 /* GreenThumb */,
			);
		};
/* End PBXProject section */

/* Begin PBXResourcesBuildPhase section */
		EF8B78B52E237BA500616328 /* Resources */ = {
			isa = PBXResourcesBuildPhase;
			buildActionMask = 2147483647;
			files = (
				EF8B78CB2E237BBC00616328 /* Assets.xcassets in Resources */,
				EF8B78D72E23894B00616328 /* vegetables.json in Resources */,
			);
			runOnlyForDeploymentPostprocessing = 0;
		};
/* End PBXResourcesBuildPhase section */

/* Begin PBXSourcesBuildPhase section */
		EF8B78B32E237BA500616328 /* Sources */ = {
			isa = PBXSourcesBuildPhase;
			buildActionMask = 2147483647;
			files = (
				EF8B78DE2E23930000616328 /* VegetableDetailScreen.swift in Sources */,
				EF836A922E24908F0035A801 /* MyGardenVegetable.swift in Sources */,
				EF8B78CE2E237CF300616328 /* VegetableHTTPClient.swift in Sources */,
				EF8B78D42E2387FB00616328 /* VegetableCellView.swift in Sources */,
				EF8B78D92E23897500616328 /* PreviewData.swift in Sources */,
				EF836A902E248E7D0035A801 /* PreviewContainer.swift in Sources */,
				EF8B78D12E237E3900616328 /* Vegetable.swift in Sources */,
				EF836A8E2E2489D50035A801 /* SeedOrSeedlingView.swift in Sources */,
				EF8B78DC2E2390A100616328 /* VegetableTabBarScreen.swift in Sources */,
				EF8B78C92E237BBC00616328 /* VegetableListScreen.swift in Sources */,
				EF8B78CA2E237BBC00616328 /* GreenThumbApp.swift in Sources */,
			);
			runOnlyForDeploymentPostprocessing = 0;
		};
/* End PBXSourcesBuildPhase section */

/* Begin XCBuildConfiguration section */
		EF8B78C02E237BA700616328 /* Debug */ = {
			isa = XCBuildConfiguration;
			buildSettings = {
				ALWAYS_SEARCH_USER_PATHS = NO;
				ASSETCATALOG_COMPILER_GENERATE_SWIFT_ASSET_SYMBOL_EXTENSIONS = YES;
				CLANG_ANALYZER_NONNULL = YES;
				CLANG_ANALYZER_NUMBER_OBJECT_CONVERSION = YES_AGGRESSIVE;
				CLANG_CXX_LANGUAGE_STANDARD = "gnu++20";
				CLANG_ENABLE_MODULES = YES;
				CLANG_ENABLE_OBJC_ARC = YES;
				CLANG_ENABLE_OBJC_WEAK = YES;
				CLANG_WARN_BLOCK_CAPTURE_AUTORELEASING = YES;
				CLANG_WARN_BOOL_CONVERSION = YES;
				CLANG_WARN_COMMA = YES;
				CLANG_WARN_CONSTANT_CONVERSION = YES;
				CLANG_WARN_DEPRECATED_OBJC_IMPLEMENTATIONS = YES;
				CLANG_WARN_DIRECT_OBJC_ISA_USAGE = YES_ERROR;
				CLANG_WARN_DOCUMENTATION_COMMENTS = YES;
				CLANG_WARN_EMPTY_BODY = YES;
				CLANG_WARN_ENUM_CONVERSION = YES;
				CLANG_WARN_INFINITE_RECURSION = YES;
				CLANG_WARN_INT_CONVERSION = YES;
				CLANG_WARN_NON_LITERAL_NULL_CONVERSION = YES;
				CLANG_WARN_OBJC_IMPLICIT_RETAIN_SELF = YES;
				CLANG_WARN_OBJC_LITERAL_CONVERSION = YES;
				CLANG_WARN_OBJC_ROOT_CLASS = YES_ERROR;
				CLANG_WARN_QUOTED_INCLUDE_IN_FRAMEWORK_HEADER = YES;
				CLANG_WARN_RANGE_LOOP_ANALYSIS = YES;
				CLANG_WARN_STRICT_PROTOTYPES = YES;
				CLANG_WARN_SUSPICIOUS_MOVE = YES;
				CLANG_WARN_UNGUARDED_AVAILABILITY = YES_AGGRESSIVE;
				CLANG_WARN_UNREACHABLE_CODE = YES;
				CLANG_WARN__DUPLICATE_METHOD_MATCH = YES;
				COPY_PHASE_STRIP = NO;
				DEBUG_INFORMATION_FORMAT = dwarf;
				DEVELOPMENT_TEAM = T9MD4URZFH;
				ENABLE_STRICT_OBJC_MSGSEND = YES;
				ENABLE_TESTABILITY = YES;
				ENABLE_USER_SCRIPT_SANDBOXING = YES;
				GCC_C_LANGUAGE_STANDARD = gnu17;
				GCC_DYNAMIC_NO_PIC = NO;
				GCC_NO_COMMON_BLOCKS = YES;
				GCC_OPTIMIZATION_LEVEL = 0;
				GCC_PREPROCESSOR_DEFINITIONS = (
					"DEBUG=1",
					"$(inherited)",
				);
				GCC_WARN_64_TO_32_BIT_CONVERSION = YES;
				GCC_WARN_ABOUT_RETURN_TYPE = YES_ERROR;
				GCC_WARN_UNDECLARED_SELECTOR = YES;
				GCC_WARN_UNINITIALIZED_AUTOS = YES_AGGRESSIVE;
				GCC_WARN_UNUSED_FUNCTION = YES;
				GCC_WARN_UNUSED_VARIABLE = YES;
				IPHONEOS_DEPLOYMENT_TARGET = 18.5;
				LOCALIZATION_PREFERS_STRING_CATALOGS = YES;
				MTL_ENABLE_DEBUG_INFO = INCLUDE_SOURCE;
				MTL_FAST_MATH = YES;
				ONLY_ACTIVE_ARCH = YES;
				SDKROOT = iphoneos;
				SWIFT_ACTIVE_COMPILATION_CONDITIONS = "DEBUG $(inherited)";
				SWIFT_OPTIMIZATION_LEVEL = "-Onone";
			};
			name = Debug;
		};
		EF8B78C12E237BA700616328 /* Release */ = {
			isa = XCBuildConfiguration;
			buildSettings = {
				ALWAYS_SEARCH_USER_PATHS = NO;
				ASSETCATALOG_COMPILER_GENERATE_SWIFT_ASSET_SYMBOL_EXTENSIONS = YES;
				CLANG_ANALYZER_NONNULL = YES;
				CLANG_ANALYZER_NUMBER_OBJECT_CONVERSION = YES_AGGRESSIVE;
				CLANG_CXX_LANGUAGE_STANDARD = "gnu++20";
				CLANG_ENABLE_MODULES = YES;
				CLANG_ENABLE_OBJC_ARC = YES;
				CLANG_ENABLE_OBJC_WEAK = YES;
				CLANG_WARN_BLOCK_CAPTURE_AUTORELEASING = YES;
				CLANG_WARN_BOOL_CONVERSION = YES;
				CLANG_WARN_COMMA = YES;
				CLANG_WARN_CONSTANT_CONVERSION = YES;
				CLANG_WARN_DEPRECATED_OBJC_IMPLEMENTATIONS = YES;
				CLANG_WARN_DIRECT_OBJC_ISA_USAGE = YES_ERROR;
				CLANG_WARN_DOCUMENTATION_COMMENTS = YES;
				CLANG_WARN_EMPTY_BODY = YES;
				CLANG_WARN_ENUM_CONVERSION = YES;
				CLANG_WARN_INFINITE_RECURSION = YES;
				CLANG_WARN_INT_CONVERSION = YES;
				CLANG_WARN_NON_LITERAL_NULL_CONVERSION = YES;
				CLANG_WARN_OBJC_IMPLICIT_RETAIN_SELF = YES;
				CLANG_WARN_OBJC_LITERAL_CONVERSION = YES;
				CLANG_WARN_OBJC_ROOT_CLASS = YES_ERROR;
				CLANG_WARN_QUOTED_INCLUDE_IN_FRAMEWORK_HEADER = YES;
				CLANG_WARN_RANGE_LOOP_ANALYSIS = YES;
				CLANG_WARN_STRICT_PROTOTYPES = YES;
				CLANG_WARN_SUSPICIOUS_MOVE = YES;
				CLANG_WARN_UNGUARDED_AVAILABILITY = YES_AGGRESSIVE;
				CLANG_WARN_UNREACHABLE_CODE = YES;
				CLANG_WARN__DUPLICATE_METHOD_MATCH = YES;
				COPY_PHASE_STRIP = NO;
				DEBUG_INFORMATION_FORMAT = "dwarf-with-dsym";
				DEVELOPMENT_TEAM = T9MD4URZFH;
				ENABLE_NS_ASSERTIONS = NO;
				ENABLE_STRICT_OBJC_MSGSEND = YES;
				ENABLE_USER_SCRIPT_SANDBOXING = YES;
				GCC_C_LANGUAGE_STANDARD = gnu17;
				GCC_NO_COMMON_BLOCKS = YES;
				GCC_WARN_64_TO_32_BIT_CONVERSION = YES;
				GCC_WARN_ABOUT_RETURN_TYPE = YES_ERROR;
				GCC_WARN_UNDECLARED_SELECTOR = YES;
				GCC_WARN_UNINITIALIZED_AUTOS = YES_AGGRESSIVE;
				GCC_WARN_UNUSED_FUNCTION = YES;
				GCC_WARN_UNUSED_VARIABLE = YES;
				IPHONEOS_DEPLOYMENT_TARGET = 18.5;
				LOCALIZATION_PREFERS_STRING_CATALOGS = YES;
				MTL_ENABLE_DEBUG_INFO = NO;
				MTL_FAST_MATH = YES;
				SDKROOT = iphoneos;
				SWIFT_COMPILATION_MODE = wholemodule;
				VALIDATE_PRODUCT = YES;
			};
			name = Release;
		};
		EF8B78C32E237BA700616328 /* Debug */ = {
			isa = XCBuildConfiguration;
			buildSettings = {
				ASSETCATALOG_COMPILER_APPICON_NAME = AppIcon;
				ASSETCATALOG_COMPILER_GLOBAL_ACCENT_COLOR_NAME = AccentColor;
				CODE_SIGN_STYLE = Automatic;
				CURRENT_PROJECT_VERSION = 1;
				DEVELOPMENT_TEAM = T9MD4URZFH;
				ENABLE_PREVIEWS = YES;
				GENERATE_INFOPLIST_FILE = YES;
				INFOPLIST_KEY_UIApplicationSceneManifest_Generation = YES;
				INFOPLIST_KEY_UIApplicationSupportsIndirectInputEvents = YES;
				INFOPLIST_KEY_UILaunchScreen_Generation = YES;
				INFOPLIST_KEY_UISupportedInterfaceOrientations_iPad = "UIInterfaceOrientationPortrait UIInterfaceOrientationPortraitUpsideDown UIInterfaceOrientationLandscapeLeft UIInterfaceOrientationLandscapeRight";
				INFOPLIST_KEY_UISupportedInterfaceOrientations_iPhone = "UIInterfaceOrientationPortrait UIInterfaceOrientationLandscapeLeft UIInterfaceOrientationLandscapeRight";
				LD_RUNPATH_SEARCH_PATHS = (
					"$(inherited)",
					"@executable_path/Frameworks",
				);
				MARKETING_VERSION = 1.0;
				PRODUCT_BUNDLE_IDENTIFIER = com.superkookai.GreenThumb;
				PRODUCT_NAME = "$(TARGET_NAME)";
				SWIFT_EMIT_LOC_STRINGS = YES;
				SWIFT_VERSION = 5.0;
				TARGETED_DEVICE_FAMILY = "1,2";
			};
			name = Debug;
		};
		EF8B78C42E237BA700616328 /* Release */ = {
			isa = XCBuildConfiguration;
			buildSettings = {
				ASSETCATALOG_COMPILER_APPICON_NAME = AppIcon;
				ASSETCATALOG_COMPILER_GLOBAL_ACCENT_COLOR_NAME = AccentColor;
				CODE_SIGN_STYLE = Automatic;
				CURRENT_PROJECT_VERSION = 1;
				DEVELOPMENT_TEAM = T9MD4URZFH;
				ENABLE_PREVIEWS = YES;
				GENERATE_INFOPLIST_FILE = YES;
				INFOPLIST_KEY_UIApplicationSceneManifest_Generation = YES;
				INFOPLIST_KEY_UIApplicationSupportsIndirectInputEvents = YES;
				INFOPLIST_KEY_UILaunchScreen_Generation = YES;
				INFOPLIST_KEY_UISupportedInterfaceOrientations_iPad = "UIInterfaceOrientationPortrait UIInterfaceOrientationPortraitUpsideDown UIInterfaceOrientationLandscapeLeft UIInterfaceOrientationLandscapeRight";
				INFOPLIST_KEY_UISupportedInterfaceOrientations_iPhone = "UIInterfaceOrientationPortrait UIInterfaceOrientationLandscapeLeft UIInterfaceOrientationLandscapeRight";
				LD_RUNPATH_SEARCH_PATHS = (
					"$(inherited)",
					"@executable_path/Frameworks",
				);
				MARKETING_VERSION = 1.0;
				PRODUCT_BUNDLE_IDENTIFIER = com.superkookai.GreenThumb;
				PRODUCT_NAME = "$(TARGET_NAME)";
				SWIFT_EMIT_LOC_STRINGS = YES;
				SWIFT_VERSION = 5.0;
				TARGETED_DEVICE_FAMILY = "1,2";
			};
			name = Release;
		};
/* End XCBuildConfiguration section */

/* Begin XCConfigurationList section */
		EF8B78B22E237BA500616328 /* Build configuration list for PBXProject "GreenThumb" */ = {
			isa = XCConfigurationList;
			buildConfigurations = (
				EF8B78C02E237BA700616328 /* Debug */,
				EF8B78C12E237BA700616328 /* Release */,
			);
			defaultConfigurationIsVisible = 0;
			defaultConfigurationName = Release;
		};
		EF8B78C22E237BA700616328 /* Build configuration list for PBXNativeTarget "GreenThumb" */ = {
			isa = XCConfigurationList;
			buildConfigurations = (
				EF8B78C32E237BA700616328 /* Debug */,
				EF8B78C42E237BA700616328 /* Release */,
			);
			defaultConfigurationIsVisible = 0;
			defaultConfigurationName = Release;
		};
/* End XCConfigurationList section */
	};
	rootObject = EF8B78AF2E237BA500616328 /* Project object */;
}
